// !$*UTF8*$!
{
	archiveVersion = 1;
	classes = {
	};
	objectVersion = 50;
	objects = {

/* Begin PBXBuildFile section */
		912EC60524A939A300D13CE7 /* OpenGL.framework in Frameworks */ = {isa = PBXBuildFile; fileRef = 91F3E292239C686D009563D3 /* OpenGL.framework */; };
		912EC60624A93F6700D13CE7 /* libglfw.3.3.dylib in Frameworks */ = {isa = PBXBuildFile; fileRef = 91F3E294239C6888009563D3 /* libglfw.3.3.dylib */; };
		915E3EC324AAD34A003D043B /* shader.vert in CopyFiles */ = {isa = PBXBuildFile; fileRef = 915E3EC024AACCBD003D043B /* shader.vert */; };
		915E3EC424AAD34A003D043B /* shader.frag in CopyFiles */ = {isa = PBXBuildFile; fileRef = 915E3EC124AACCCD003D043B /* shader.frag */; };
		91F3E287239C6795009563D3 /* main.cpp in Sources */ = {isa = PBXBuildFile; fileRef = 91F3E286239C6795009563D3 /* main.cpp */; };
		91F3E296239C6888009563D3 /* libglfw.3.3.dylib in Embed Libraries */ = {isa = PBXBuildFile; fileRef = 91F3E294239C6888009563D3 /* libglfw.3.3.dylib */; settings = {ATTRIBUTES = (CodeSignOnCopy, ); }; };
		91F6E40824B11600008919AB /* awesomeface.png in Sources */ = {isa = PBXBuildFile; fileRef = 91F6E40724B11533008919AB /* awesomeface.png */; };
		91F6E40924B11600008919AB /* container.jpg in Sources */ = {isa = PBXBuildFile; fileRef = 91F6E40624B112AC008919AB /* container.jpg */; };
/* End PBXBuildFile section */

/* Begin PBXCopyFilesBuildPhase section */
		91F3E281239C6795009563D3 /* CopyFiles */ = {
			isa = PBXCopyFilesBuildPhase;
			buildActionMask = 12;
			dstPath = "";
			dstSubfolderSpec = 16;
			files = (
				915E3EC324AAD34A003D043B /* shader.vert in CopyFiles */,
				915E3EC424AAD34A003D043B /* shader.frag in CopyFiles */,
			);
			runOnlyForDeploymentPostprocessing = 0;
		};
		91F3E297239C6888009563D3 /* Embed Libraries */ = {
			isa = PBXCopyFilesBuildPhase;
			buildActionMask = 2147483647;
			dstPath = "";
			dstSubfolderSpec = 10;
			files = (
				91F3E296239C6888009563D3 /* libglfw.3.3.dylib in Embed Libraries */,
			);
			name = "Embed Libraries";
			runOnlyForDeploymentPostprocessing = 0;
		};
/* End PBXCopyFilesBuildPhase section */

/* Begin PBXFileReference section */
		912EC60724A9408400D13CE7 /* openGL.entitlements */ = {isa = PBXFileReference; lastKnownFileType = text.plist.entitlements; path = openGL.entitlements; sourceTree = "<group>"; };
		915E3EBF24AAC9E5003D043B /* shader.hpp */ = {isa = PBXFileReference; lastKnownFileType = sourcecode.cpp.h; path = shader.hpp; sourceTree = "<group>"; };
		915E3EC024AACCBD003D043B /* shader.vert */ = {isa = PBXFileReference; lastKnownFileType = sourcecode.glsl; path = shader.vert; sourceTree = "<group>"; };
		915E3EC124AACCCD003D043B /* shader.frag */ = {isa = PBXFileReference; lastKnownFileType = sourcecode.glsl; path = shader.frag; sourceTree = "<group>"; };
		91F3E283239C6795009563D3 /* openGL */ = {isa = PBXFileReference; explicitFileType = "compiled.mach-o.executable"; includeInIndex = 0; path = openGL; sourceTree = BUILT_PRODUCTS_DIR; };
		91F3E286239C6795009563D3 /* main.cpp */ = {isa = PBXFileReference; lastKnownFileType = sourcecode.cpp.cpp; path = main.cpp; sourceTree = "<group>"; };
		91F3E28E239C67A6009563D3 /* glfw3.h */ = {isa = PBXFileReference; lastKnownFileType = sourcecode.c.h; name = glfw3.h; path = ../../../../../usr/local/Cellar/glfw/3.3/include/GLFW/glfw3.h; sourceTree = "<group>"; };
		91F3E290239C67C4009563D3 /* glfw3.h */ = {isa = PBXFileReference; lastKnownFileType = sourcecode.c.h; path = glfw3.h; sourceTree = "<group>"; };
		91F3E291239C67C4009563D3 /* glfw3native.h */ = {isa = PBXFileReference; lastKnownFileType = sourcecode.c.h; path = glfw3native.h; sourceTree = "<group>"; };
		91F3E292239C686D009563D3 /* OpenGL.framework */ = {isa = PBXFileReference; lastKnownFileType = wrapper.framework; name = OpenGL.framework; path = System/Library/Frameworks/OpenGL.framework; sourceTree = SDKROOT; };
		91F3E294239C6888009563D3 /* libglfw.3.3.dylib */ = {isa = PBXFileReference; lastKnownFileType = "compiled.mach-o.dylib"; name = libglfw.3.3.dylib; path = ../../../../../usr/local/Cellar/glfw/3.3/lib/libglfw.3.3.dylib; sourceTree = "<group>"; };
		91F6E40124B1059B008919AB /* stb_image.h */ = {isa = PBXFileReference; fileEncoding = 4; lastKnownFileType = sourcecode.c.h; name = stb_image.h; path = "../../../../Downloads/stb-master/stb_image.h"; sourceTree = "<group>"; };
		91F6E40624B112AC008919AB /* container.jpg */ = {isa = PBXFileReference; lastKnownFileType = image.jpeg; path = container.jpg; sourceTree = "<group>"; };
		91F6E40724B11533008919AB /* awesomeface.png */ = {isa = PBXFileReference; lastKnownFileType = image.png; path = awesomeface.png; sourceTree = "<group>"; };
/* End PBXFileReference section */

/* Begin PBXFrameworksBuildPhase section */
		91F3E280239C6795009563D3 /* Frameworks */ = {
			isa = PBXFrameworksBuildPhase;
			buildActionMask = 2147483647;
			files = (
				912EC60624A93F6700D13CE7 /* libglfw.3.3.dylib in Frameworks */,
				912EC60524A939A300D13CE7 /* OpenGL.framework in Frameworks */,
			);
			runOnlyForDeploymentPostprocessing = 0;
		};
/* End PBXFrameworksBuildPhase section */

/* Begin PBXGroup section */
		91F3E27A239C6795009563D3 = {
			isa = PBXGroup;
			children = (
				91F6E40324B110F4008919AB /* Assets */,
				91F3E285239C6795009563D3 /* openGL */,
				91F3E284239C6795009563D3 /* Products */,
				91F3E28D239C67A6009563D3 /* Frameworks */,
			);
			sourceTree = "<group>";
		};
		91F3E284239C6795009563D3 /* Products */ = {
			isa = PBXGroup;
			children = (
				91F3E283239C6795009563D3 /* openGL */,
			);
			name = Products;
			sourceTree = "<group>";
		};
		91F3E285239C6795009563D3 /* openGL */ = {
			isa = PBXGroup;
			children = (
				91F6E40124B1059B008919AB /* stb_image.h */,
				912EC60724A9408400D13CE7 /* openGL.entitlements */,
				91F3E286239C6795009563D3 /* main.cpp */,
				915E3EBF24AAC9E5003D043B /* shader.hpp */,
				915E3EC024AACCBD003D043B /* shader.vert */,
				915E3EC124AACCCD003D043B /* shader.frag */,
			);
			path = openGL;
			sourceTree = "<group>";
		};
		91F3E28D239C67A6009563D3 /* Frameworks */ = {
			isa = PBXGroup;
			children = (
				91F3E294239C6888009563D3 /* libglfw.3.3.dylib */,
				91F3E292239C686D009563D3 /* OpenGL.framework */,
				91F3E28F239C67C4009563D3 /* GLFW */,
				91F3E28E239C67A6009563D3 /* glfw3.h */,
			);
			name = Frameworks;
			sourceTree = "<group>";
		};
		91F3E28F239C67C4009563D3 /* GLFW */ = {
			isa = PBXGroup;
			children = (
				91F3E290239C67C4009563D3 /* glfw3.h */,
				91F3E291239C67C4009563D3 /* glfw3native.h */,
			);
			name = GLFW;
			path = ../../../../../usr/local/include/GLFW;
			sourceTree = "<group>";
		};
		91F6E40324B110F4008919AB /* Assets */ = {
			isa = PBXGroup;
			children = (
				91F6E40724B11533008919AB /* awesomeface.png */,
				91F6E40624B112AC008919AB /* container.jpg */,
			);
			name = Assets;
			path = openGL/Assets;
			sourceTree = "<group>";
		};
/* End PBXGroup section */

/* Begin PBXNativeTarget section */
		91F3E282239C6795009563D3 /* openGL */ = {
			isa = PBXNativeTarget;
			buildConfigurationList = 91F3E28A239C6795009563D3 /* Build configuration list for PBXNativeTarget "openGL" */;
			buildPhases = (
				91F3E27F239C6795009563D3 /* Sources */,
				91F3E280239C6795009563D3 /* Frameworks */,
				91F3E281239C6795009563D3 /* CopyFiles */,
				91F3E297239C6888009563D3 /* Embed Libraries */,
			);
			buildRules = (
			);
			dependencies = (
			);
			name = openGL;
			productName = openGL;
			productReference = 91F3E283239C6795009563D3 /* openGL */;
			productType = "com.apple.product-type.tool";
		};
/* End PBXNativeTarget section */

/* Begin PBXProject section */
		91F3E27B239C6795009563D3 /* Project object */ = {
			isa = PBXProject;
			attributes = {
				LastUpgradeCheck = 1120;
				ORGANIZATIONNAME = "Marvin LLC";
				TargetAttributes = {
					91F3E282239C6795009563D3 = {
						CreatedOnToolsVersion = 11.2.1;
					};
				};
			};
			buildConfigurationList = 91F3E27E239C6795009563D3 /* Build configuration list for PBXProject "openGL" */;
			compatibilityVersion = "Xcode 9.3";
			developmentRegion = en;
			hasScannedForEncodings = 0;
			knownRegions = (
				en,
				Base,
			);
			mainGroup = 91F3E27A239C6795009563D3;
			productRefGroup = 91F3E284239C6795009563D3 /* Products */;
			projectDirPath = "";
			projectRoot = "";
			targets = (
				91F3E282239C6795009563D3 /* openGL */,
			);
		};
/* End PBXProject section */

/* Begin PBXSourcesBuildPhase section */
		91F3E27F239C6795009563D3 /* Sources */ = {
			isa = PBXSourcesBuildPhase;
			buildActionMask = 2147483647;
			files = (
				91F6E40824B11600008919AB /* awesomeface.png in Sources */,
				91F6E40924B11600008919AB /* container.jpg in Sources */,
				91F3E287239C6795009563D3 /* main.cpp in Sources */,
			);
			runOnlyForDeploymentPostprocessing = 0;
		};
/* End PBXSourcesBuildPhase section */

/* Begin XCBuildConfiguration section */
		91F3E288239C6795009563D3 /* Debug */ = {
			isa = XCBuildConfiguration;
			buildSettings = {
				ALWAYS_SEARCH_USER_PATHS = NO;
				CLANG_ANALYZER_NONNULL = YES;
				CLANG_ANALYZER_NUMBER_OBJECT_CONVERSION = YES_AGGRESSIVE;
				CLANG_CXX_LANGUAGE_STANDARD = "gnu++14";
				CLANG_CXX_LIBRARY = "libc++";
				CLANG_ENABLE_MODULES = YES;
				CLANG_ENABLE_OBJC_ARC = YES;
				CLANG_ENABLE_OBJC_WEAK = YES;
				CLANG_WARN_BLOCK_CAPTURE_AUTORELEASING = YES;
				CLANG_WARN_BOOL_CONVERSION = YES;
				CLANG_WARN_COMMA = YES;
				CLANG_WARN_CONSTANT_CONVERSION = YES;
				CLANG_WARN_DEPRECATED_OBJC_IMPLEMENTATIONS = YES;
				CLANG_WARN_DIRECT_OBJC_ISA_USAGE = YES_ERROR;
				CLANG_WARN_DOCUMENTATION_COMMENTS = YES;
				CLANG_WARN_EMPTY_BODY = YES;
				CLANG_WARN_ENUM_CONVERSION = YES;
				CLANG_WARN_INFINITE_RECURSION = YES;
				CLANG_WARN_INT_CONVERSION = YES;
				CLANG_WARN_NON_LITERAL_NULL_CONVERSION = YES;
				CLANG_WARN_OBJC_IMPLICIT_RETAIN_SELF = YES;
				CLANG_WARN_OBJC_LITERAL_CONVERSION = YES;
				CLANG_WARN_OBJC_ROOT_CLASS = YES_ERROR;
				CLANG_WARN_RANGE_LOOP_ANALYSIS = YES;
				CLANG_WARN_STRICT_PROTOTYPES = YES;
				CLANG_WARN_SUSPICIOUS_MOVE = YES;
				CLANG_WARN_UNGUARDED_AVAILABILITY = YES_AGGRESSIVE;
				CLANG_WARN_UNREACHABLE_CODE = YES;
				CLANG_WARN__DUPLICATE_METHOD_MATCH = YES;
				COPY_PHASE_STRIP = NO;
				DEBUG_INFORMATION_FORMAT = dwarf;
				ENABLE_STRICT_OBJC_MSGSEND = YES;
				ENABLE_TESTABILITY = YES;
				GCC_C_LANGUAGE_STANDARD = gnu11;
				GCC_DYNAMIC_NO_PIC = NO;
				GCC_NO_COMMON_BLOCKS = YES;
				GCC_OPTIMIZATION_LEVEL = 0;
				GCC_PREPROCESSOR_DEFINITIONS = (
					"DEBUG=1",
					"$(inherited)",
				);
				GCC_WARN_64_TO_32_BIT_CONVERSION = YES;
				GCC_WARN_ABOUT_RETURN_TYPE = YES_ERROR;
				GCC_WARN_UNDECLARED_SELECTOR = YES;
				GCC_WARN_UNINITIALIZED_AUTOS = YES_AGGRESSIVE;
				GCC_WARN_UNUSED_FUNCTION = YES;
				GCC_WARN_UNUSED_VARIABLE = YES;
				MACOSX_DEPLOYMENT_TARGET = 10.15;
				MTL_ENABLE_DEBUG_INFO = INCLUDE_SOURCE;
				MTL_FAST_MATH = YES;
				ONLY_ACTIVE_ARCH = YES;
				SDKROOT = macosx;
			};
			name = Debug;
		};
		91F3E289239C6795009563D3 /* Release */ = {
			isa = XCBuildConfiguration;
			buildSettings = {
				ALWAYS_SEARCH_USER_PATHS = NO;
				CLANG_ANALYZER_NONNULL = YES;
				CLANG_ANALYZER_NUMBER_OBJECT_CONVERSION = YES_AGGRESSIVE;
				CLANG_CXX_LANGUAGE_STANDARD = "gnu++14";
				CLANG_CXX_LIBRARY = "libc++";
				CLANG_ENABLE_MODULES = YES;
				CLANG_ENABLE_OBJC_ARC = YES;
				CLANG_ENABLE_OBJC_WEAK = YES;
				CLANG_WARN_BLOCK_CAPTURE_AUTORELEASING = YES;
				CLANG_WARN_BOOL_CONVERSION = YES;
				CLANG_WARN_COMMA = YES;
				CLANG_WARN_CONSTANT_CONVERSION = YES;
				CLANG_WARN_DEPRECATED_OBJC_IMPLEMENTATIONS = YES;
				CLANG_WARN_DIRECT_OBJC_ISA_USAGE = YES_ERROR;
				CLANG_WARN_DOCUMENTATION_COMMENTS = YES;
				CLANG_WARN_EMPTY_BODY = YES;
				CLANG_WARN_ENUM_CONVERSION = YES;
				CLANG_WARN_INFINITE_RECURSION = YES;
				CLANG_WARN_INT_CONVERSION = YES;
				CLANG_WARN_NON_LITERAL_NULL_CONVERSION = YES;
				CLANG_WARN_OBJC_IMPLICIT_RETAIN_SELF = YES;
				CLANG_WARN_OBJC_LITERAL_CONVERSION = YES;
				CLANG_WARN_OBJC_ROOT_CLASS = YES_ERROR;
				CLANG_WARN_RANGE_LOOP_ANALYSIS = YES;
				CLANG_WARN_STRICT_PROTOTYPES = YES;
				CLANG_WARN_SUSPICIOUS_MOVE = YES;
				CLANG_WARN_UNGUARDED_AVAILABILITY = YES_AGGRESSIVE;
				CLANG_WARN_UNREACHABLE_CODE = YES;
				CLANG_WARN__DUPLICATE_METHOD_MATCH = YES;
				COPY_PHASE_STRIP = NO;
				DEBUG_INFORMATION_FORMAT = "dwarf-with-dsym";
				ENABLE_NS_ASSERTIONS = NO;
				ENABLE_STRICT_OBJC_MSGSEND = YES;
				GCC_C_LANGUAGE_STANDARD = gnu11;
				GCC_NO_COMMON_BLOCKS = YES;
				GCC_WARN_64_TO_32_BIT_CONVERSION = YES;
				GCC_WARN_ABOUT_RETURN_TYPE = YES_ERROR;
				GCC_WARN_UNDECLARED_SELECTOR = YES;
				GCC_WARN_UNINITIALIZED_AUTOS = YES_AGGRESSIVE;
				GCC_WARN_UNUSED_FUNCTION = YES;
				GCC_WARN_UNUSED_VARIABLE = YES;
				MACOSX_DEPLOYMENT_TARGET = 10.15;
				MTL_ENABLE_DEBUG_INFO = NO;
				MTL_FAST_MATH = YES;
				SDKROOT = macosx;
			};
			name = Release;
		};
		91F3E28B239C6795009563D3 /* Debug */ = {
			isa = XCBuildConfiguration;
			buildSettings = {
				CODE_SIGN_ENTITLEMENTS = openGL/openGL.entitlements;
				CODE_SIGN_STYLE = Automatic;
				DEVELOPMENT_TEAM = MXYX4524CL;
				ENABLE_HARDENED_RUNTIME = YES;
				HEADER_SEARCH_PATHS = "/usr/local/Cellar/glfw/3.3/include/**";
				LIBRARY_SEARCH_PATHS = (
					"$(inherited)",
					/usr/local/Cellar/glfw/3.3/lib,
				);
				PRODUCT_NAME = "$(TARGET_NAME)";
			};
			name = Debug;
		};
		91F3E28C239C6795009563D3 /* Release */ = {
			isa = XCBuildConfiguration;
			buildSettings = {
				CODE_SIGN_ENTITLEMENTS = openGL/openGL.entitlements;
				CODE_SIGN_STYLE = Automatic;
				DEVELOPMENT_TEAM = MXYX4524CL;
				ENABLE_HARDENED_RUNTIME = YES;
				HEADER_SEARCH_PATHS = "/usr/local/Cellar/glfw/3.3/include/**";
				LIBRARY_SEARCH_PATHS = (
					"$(inherited)",
					/usr/local/Cellar/glfw/3.3/lib,
				);
				PRODUCT_NAME = "$(TARGET_NAME)";
			};
			name = Release;
		};
/* End XCBuildConfiguration section */

/* Begin XCConfigurationList section */
		91F3E27E239C6795009563D3 /* Build configuration list for PBXProject "openGL" */ = {
			isa = XCConfigurationList;
			buildConfigurations = (
				91F3E288239C6795009563D3 /* Debug */,
				91F3E289239C6795009563D3 /* Release */,
			);
			defaultConfigurationIsVisible = 0;
			defaultConfigurationName = Release;
		};
		91F3E28A239C6795009563D3 /* Build configuration list for PBXNativeTarget "openGL" */ = {
			isa = XCConfigurationList;
			buildConfigurations = (
				91F3E28B239C6795009563D3 /* Debug */,
				91F3E28C239C6795009563D3 /* Release */,
			);
			defaultConfigurationIsVisible = 0;
			defaultConfigurationName = Release;
		};
/* End XCConfigurationList section */
	};
	rootObject = 91F3E27B239C6795009563D3 /* Project object */;
}
